{
  "name": "talk-to-data",
  "version": "1.0.0",
  "lockfileVersion": 2,
  "requires": true,
  "packages": {
    "": {
      "name": "talk-to-data",
      "version": "1.0.0",
      "dependencies": {
        "chromadb": "^3.2.0",
        "openai": "^6.15.0"
      },
      "devDependencies": {
        "@types/node": "^25.0.3",
        "typescript": "^5.5.3"
      }
    },
    "node_modules/@types/node": {
      "version": "25.0.3",
      "resolved": "https://registry.npmjs.org/@types/node/-/node-25.0.3.tgz",
      "integrity": "sha512-W609buLVRVmeW693xKfzHeIV6nJGGz98uCPfeXI1ELMLXVeKYZ9m15fAMSaUPBHYLGFsVRcMmSCksQOrZV9BYA==",
      "dev": true,
      "license": "MIT",
      "dependencies": {
        "undici-types": "~7.16.0"
      }
    },
    "node_modules/chromadb": {
      "version": "3.2.0",
      "resolved": "https://registry.npmjs.org/chromadb/-/chromadb-3.2.0.tgz",
      "integrity": "sha512-PtyHAWgtKVuD2YQ0/tFZU/q0vzmAdngDJNJPZJpB3tlwD8PZJNB4Lms3KGEDvq09cGQiMwZc7fo91MR/GLN4OA==",
      "license": "Apache-2.0",
      "dependencies": {
        "semver": "^7.7.1"
      },
      "bin": {
        "chroma": "dist/cli.mjs"
      },
      "engines": {
        "node": ">=20"
      },
      "optionalDependencies": {
        "chromadb-js-bindings-darwin-arm64": "^1.2.0",
        "chromadb-js-bindings-darwin-x64": "^1.2.0",
        "chromadb-js-bindings-linux-arm64-gnu": "^1.2.0",
        "chromadb-js-bindings-linux-x64-gnu": "^1.2.0",
        "chromadb-js-bindings-win32-x64-msvc": "^1.2.0"
      }
    },
    "node_modules/chromadb-js-bindings-darwin-arm64": {
      "version": "1.2.0",
      "resolved": "https://registry.npmjs.org/chromadb-js-bindings-darwin-arm64/-/chromadb-js-bindings-darwin-arm64-1.2.0.tgz",
      "integrity": "sha512-CZ44yAQ5ny6sn279jeOBMGseVHg9/GNNA6kAiEl6g0MqD3MhaauuROkiF2Rw6FSoup1MzuIeBvzg3yLoojFXSQ==",
      "cpu": [
        "arm64"
      ],
      "optional": true,
      "os": [
        "darwin"
      ],
      "engines": {
        "node": ">= 10"
      }
    },
    "node_modules/chromadb-js-bindings-darwin-x64": {
      "version": "1.2.0",
      "resolved": "https://registry.npmjs.org/chromadb-js-bindings-darwin-x64/-/chromadb-js-bindings-darwin-x64-1.2.0.tgz",
      "integrity": "sha512-QGH9aP3EtmozRZHtzPU650Ta6+QJdJUUsM0x781i9zWASMZzmtleu+57FuDLpXNch0OV9AkmPVlLzBYOPw3N2Q==",
      "cpu": [
        "x64"
      ],
      "optional": true,
      "os": [
        "darwin"
      ],
      "engines": {
        "node": ">= 10"
      }
    },
    "node_modules/chromadb-js-bindings-linux-arm64-gnu": {
      "version": "1.2.0",
      "resolved": "https://registry.npmjs.org/chromadb-js-bindings-linux-arm64-gnu/-/chromadb-js-bindings-linux-arm64-gnu-1.2.0.tgz",
      "integrity": "sha512-dIKKXN0vW7JNg0da/oueLooxZkc7rd6rcN5eb/Fx8K2Tx9r8SM+8vmqm2weF3DzgJkGGiwU8QyE68KU564o/7Q==",
      "cpu": [
        "arm64"
      ],
      "optional": true,
      "os": [
        "linux"
      ],
      "engines": {
        "node": ">= 10"
      }
    },
    "node_modules/chromadb-js-bindings-linux-x64-gnu": {
      "version": "1.2.0",
      "resolved": "https://registry.npmjs.org/chromadb-js-bindings-linux-x64-gnu/-/chromadb-js-bindings-linux-x64-gnu-1.2.0.tgz",
      "integrity": "sha512-0E65eSuWICoD2jhQ+ZLi5Me08+VxICG0f5lZ4ceiMPXTemc60QmkmhtKQVK5lEhqRWu2CLSYXqlusnD5qEoa1Q==",
      "cpu": [
        "x64"
      ],
      "optional": true,
      "os": [
        "linux"
      ],
      "engines": {
        "node": ">= 10"
      }
    },
    "node_modules/chromadb-js-bindings-win32-x64-msvc": {
      "version": "1.2.0",
      "resolved": "https://registry.npmjs.org/chromadb-js-bindings-win32-x64-msvc/-/chromadb-js-bindings-win32-x64-msvc-1.2.0.tgz",
      "integrity": "sha512-1gmVdgw/spSSYvbc7Ogms9FXf+Zad41Cp7Enqfvrp7m9qQ+Nz4NqZINfOEX5OVzPHEj6cfXA11NdGeNHTPPHOg==",
      "cpu": [
        "x64"
      ],
      "optional": true,
      "os": [
        "win32"
      ],
      "engines": {
        "node": ">= 10"
      }
    },
    "node_modules/openai": {
      "version": "6.15.0",
      "resolved": "https://registry.npmjs.org/openai/-/openai-6.15.0.tgz",
      "integrity": "sha512-F1Lvs5BoVvmZtzkUEVyh8mDQPPFolq4F+xdsx/DO8Hee8YF3IGAlZqUIsF+DVGhqf4aU0a3bTghsxB6OIsRy1g==",
      "license": "Apache-2.0",
      "bin": {
        "openai": "bin/cli"
      },
      "peerDependencies": {
        "ws": "^8.18.0",
        "zod": "^3.25 || ^4.0"
      },
      "peerDependenciesMeta": {
        "ws": {
          "optional": true
        },
        "zod": {
          "optional": true
        }
      }
    },
    "node_modules/semver": {
      "version": "7.7.3",
      "resolved": "https://registry.npmjs.org/semver/-/semver-7.7.3.tgz",
      "integrity": "sha512-SdsKMrI9TdgjdweUSR9MweHA4EJ8YxHn8DFaDisvhVlUOe4BF1tLD7GAj0lIqWVl+dPb/rExr0Btby5loQm20Q==",
      "bin": {
        "semver": "bin/semver.js"
      },
      "engines": {
        "node": ">=10"
      }
    },
    "node_modules/typescript": {
      "version": "5.9.3",
      "resolved": "https://registry.npmjs.org/typescript/-/typescript-5.9.3.tgz",
      "integrity": "sha512-jl1vZzPDinLr9eUt3J/t7V6FgNEw9QjvBPdysz9KfQDD41fQrC2Y4vKQdiaUpFT4bXlb1RHhLpp8wtm6M5TgSw==",
      "dev": true,
      "bin": {
        "tsc": "bin/tsc",
        "tsserver": "bin/tsserver"
      },
      "engines": {
        "node": ">=14.17"
      }
    },
    "node_modules/undici-types": {
      "version": "7.16.0",
      "resolved": "https://registry.npmjs.org/undici-types/-/undici-types-7.16.0.tgz",
      "integrity": "sha512-Zz+aZWSj8LE6zoxD+xrjh4VfkIG8Ya6LvYkZqtUQGJPZjYl53ypCaUwWqo7eI0x66KBGeRo+mlBEkMSeSZ38Nw==",
      "dev": true,
      "license": "MIT"
    }
  },
  "dependencies": {
    "@types/node": {
      "version": "25.0.3",
      "resolved": "https://registry.npmjs.org/@types/node/-/node-25.0.3.tgz",
      "integrity": "sha512-W609buLVRVmeW693xKfzHeIV6nJGGz98uCPfeXI1ELMLXVeKYZ9m15fAMSaUPBHYLGFsVRcMmSCksQOrZV9BYA==",
      "dev": true,
      "requires": {
        "undici-types": "~7.16.0"
      }
    },
    "chromadb": {
      "version": "3.2.0",
      "resolved": "https://registry.npmjs.org/chromadb/-/chromadb-3.2.0.tgz",
      "integrity": "sha512-PtyHAWgtKVuD2YQ0/tFZU/q0vzmAdngDJNJPZJpB3tlwD8PZJNB4Lms3KGEDvq09cGQiMwZc7fo91MR/GLN4OA==",
      "requires": {
        "chromadb-js-bindings-darwin-arm64": "^1.2.0",
        "chromadb-js-bindings-darwin-x64": "^1.2.0",
        "chromadb-js-bindings-linux-arm64-gnu": "^1.2.0",
        "chromadb-js-bindings-linux-x64-gnu": "^1.2.0",
        "chromadb-js-bindings-win32-x64-msvc": "^1.2.0",
        "semver": "^7.7.1"
      }
    },
    "chromadb-js-bindings-darwin-arm64": {
      "version": "1.2.0",
      "resolved": "https://registry.npmjs.org/chromadb-js-bindings-darwin-arm64/-/chromadb-js-bindings-darwin-arm64-1.2.0.tgz",
      "integrity": "sha512-CZ44yAQ5ny6sn279jeOBMGseVHg9/GNNA6kAiEl6g0MqD3MhaauuROkiF2Rw6FSoup1MzuIeBvzg3yLoojFXSQ==",
      "optional": true
    },
    "chromadb-js-bindings-darwin-x64": {
      "version": "1.2.0",
      "resolved": "https://registry.npmjs.org/chromadb-js-bindings-darwin-x64/-/chromadb-js-bindings-darwin-x64-1.2.0.tgz",
      "integrity": "sha512-QGH9aP3EtmozRZHtzPU650Ta6+QJdJUUsM0x781i9zWASMZzmtleu+57FuDLpXNch0OV9AkmPVlLzBYOPw3N2Q==",
      "optional": true
    },
    "chromadb-js-bindings-linux-arm64-gnu": {
      "version": "1.2.0",
      "resolved": "https://registry.npmjs.org/chromadb-js-bindings-linux-arm64-gnu/-/chromadb-js-bindings-linux-arm64-gnu-1.2.0.tgz",
      "integrity": "sha512-dIKKXN0vW7JNg0da/oueLooxZkc7rd6rcN5eb/Fx8K2Tx9r8SM+8vmqm2weF3DzgJkGGiwU8QyE68KU564o/7Q==",
      "optional": true
    },
    "chromadb-js-bindings-linux-x64-gnu": {
      "version": "1.2.0",
      "resolved": "https://registry.npmjs.org/chromadb-js-bindings-linux-x64-gnu/-/chromadb-js-bindings-linux-x64-gnu-1.2.0.tgz",
      "integrity": "sha512-0E65eSuWICoD2jhQ+ZLi5Me08+VxICG0f5lZ4ceiMPXTemc60QmkmhtKQVK5lEhqRWu2CLSYXqlusnD5qEoa1Q==",
      "optional": true
    },
    "chromadb-js-bindings-win32-x64-msvc": {
      "version": "1.2.0",
      "resolved": "https://registry.npmjs.org/chromadb-js-bindings-win32-x64-msvc/-/chromadb-js-bindings-win32-x64-msvc-1.2.0.tgz",
      "integrity": "sha512-1gmVdgw/spSSYvbc7Ogms9FXf+Zad41Cp7Enqfvrp7m9qQ+Nz4NqZINfOEX5OVzPHEj6cfXA11NdGeNHTPPHOg==",
      "optional": true
    },
    "openai": {
      "version": "6.15.0",
      "resolved": "https://registry.npmjs.org/openai/-/openai-6.15.0.tgz",
      "integrity": "sha512-F1Lvs5BoVvmZtzkUEVyh8mDQPPFolq4F+xdsx/DO8Hee8YF3IGAlZqUIsF+DVGhqf4aU0a3bTghsxB6OIsRy1g==",
      "requires": {}
    },
    "semver": {
      "version": "7.7.3",
      "resolved": "https://registry.npmjs.org/semver/-/semver-7.7.3.tgz",
      "integrity": "sha512-SdsKMrI9TdgjdweUSR9MweHA4EJ8YxHn8DFaDisvhVlUOe4BF1tLD7GAj0lIqWVl+dPb/rExr0Btby5loQm20Q=="
    },
    "typescript": {
      "version": "5.9.3",
      "resolved": "https://registry.npmjs.org/typescript/-/typescript-5.9.3.tgz",
      "integrity": "sha512-jl1vZzPDinLr9eUt3J/t7V6FgNEw9QjvBPdysz9KfQDD41fQrC2Y4vKQdiaUpFT4bXlb1RHhLpp8wtm6M5TgSw==",
      "dev": true
    },
    "undici-types": {
      "version": "7.16.0",
      "resolved": "https://registry.npmjs.org/undici-types/-/undici-types-7.16.0.tgz",
      "integrity": "sha512-Zz+aZWSj8LE6zoxD+xrjh4VfkIG8Ya6LvYkZqtUQGJPZjYl53ypCaUwWqo7eI0x66KBGeRo+mlBEkMSeSZ38Nw==",
      "dev": true
    }
  }
}
